
Microsoft Visual Studio Solution File, Format Version 12.00
# Visual Studio Version 17
VisualStudioVersion = 17.4.33205.214
MinimumVisualStudioVersion = 10.0.40219.1
Project("{2150E333-8FDC-42A3-9474-1A3956D46DE8}") = "Lesson1", "Lesson1", "{FF5F6189-4955-424B-8A8B-D3BC208EE1E5}"
EndProject
Project("{FAE04EC0-301F-11D3-BF4B-00C04F79EFBC}") = "LibraryService", "D:\Users\Admin\Downloads\C# от новичка\Работа с протоколами SOAP, REST и gRPC\Lesson1\Lesson1\LibraryService\LibraryService\LibraryService.csproj", "{DCD64627-CDED-4A10-A081-A4D5AF3AD746}"
EndProject
Project("{9A19103F-16F7-4668-BE54-9A1E7A4F7556}") = "LibraryService.Web", "D:\Users\Admin\Downloads\C# от новичка\Работа с протоколами SOAP, REST и gRPC\Lesson1\Lesson1\LibraryService\LibraryService.Web\LibraryService.Web.csproj", "{83DBF22C-8FDF-4BDB-A1F6-EFBC425BC6B5}"
EndProject
Project("{FAE04EC0-301F-11D3-BF4B-00C04F79EFBC}") = "PumpService", "PumpService\PumpService.csproj", "{CA729FC7-AAF8-461C-B352-222FDB49ED4E}"
EndProject
Project("{2150E333-8FDC-42A3-9474-1A3956D46DE8}") = "Lesson2", "Lesson2", "{E77D0EE6-D8D0-46F2-9E84-61A110ECD472}"
EndProject
Project("{FAE04EC0-301F-11D3-BF4B-00C04F79EFBC}") = "PumpClient", "PumpClient\PumpClient.csproj", "{106C1F93-6718-4094-9995-D98EE6483DE6}"
EndProject
Project("{2150E333-8FDC-42A3-9474-1A3956D46DE8}") = "Lesson345Grpc", "Lesson345Grpc", "{4DBD7F72-5A6C-486F-A415-35FA5AA0CF27}"
EndProject
Project("{2150E333-8FDC-42A3-9474-1A3956D46DE8}") = "ClinicServiceClientV2", "ClinicServiceClientV2", "{DD3843F9-E843-406C-85E1-8C731B0B0316}"
EndProject
Project("{9A19103F-16F7-4668-BE54-9A1E7A4F7556}") = "ClientV2", "WorkingSOAP_REST_gRPC\ClinicServiceV2\ClientV2\ClientV2.csproj", "{B2EB5D88-B266-4AE5-8C5C-55ECCB479C38}"
EndProject
Project("{9A19103F-16F7-4668-BE54-9A1E7A4F7556}") = "ServicesProtos", "WorkingSOAP_REST_gRPC\ClinicServiceV2\ServicesProtos\ServicesProtos.csproj", "{F6A886D9-085A-4350-A2B0-DCE92C53B2E0}"
EndProject
Project("{9A19103F-16F7-4668-BE54-9A1E7A4F7556}") = "DAL.ClinicServiceV2", "WorkingSOAP_REST_gRPC\ClinicServiceV2\DAL.ClinicServiceV2\DAL.ClinicServiceV2.csproj", "{021B4134-2AB3-4143-B74C-FA65658D458C}"
EndProject
Project("{9A19103F-16F7-4668-BE54-9A1E7A4F7556}") = "ClinicServiceV2_Grpc", "WorkingSOAP_REST_gRPC\ClinicServiceV2\ClinicServiceV2_Grpc\ClinicServiceV2_Grpc.csproj", "{207261B0-13C9-48AC-AC23-CFEAF0AF544C}"
EndProject
Project("{9A19103F-16F7-4668-BE54-9A1E7A4F7556}") = "AccountSample", "WorkingSOAP_REST_gRPC\ClinicServiceV2\AccountSample\AccountSample.csproj", "{00848EF3-915B-4589-A01E-AF6AB063BA72}"
EndProject
Project("{9A19103F-16F7-4668-BE54-9A1E7A4F7556}") = "JwtSample", "WorkingSOAP_REST_gRPC\ClinicServiceV2\JwtSample\JwtSample.csproj", "{E7FCDBC8-4B75-49F1-B6C3-476097DB9922}"
EndProject
Project("{9A19103F-16F7-4668-BE54-9A1E7A4F7556}") = "Common", "WorkingSOAP_REST_gRPC\ClinicServiceV2\Common\Common.csproj", "{F5E804AE-68DF-45D3-8725-BC9A5949D6BD}"
EndProject
Project("{FAE04EC0-301F-11D3-BF4B-00C04F79EFBC}") = "ClinicServiceV2.Interfaces", "WorkingSOAP_REST_gRPC\ClinicServiceV2\ClinicService.Interfaces\ClinicServiceV2.Interfaces.csproj", "{D92C585F-4731-4016-9A2C-B344E11939AF}"
EndProject
Project("{FAE04EC0-301F-11D3-BF4B-00C04F79EFBC}") = "ClinicServiceV2.Services", "WorkingSOAP_REST_gRPC\ClinicServiceV2\ClinicServiceV2.Interfaces\ClinicServiceV2.Services.csproj", "{B2F66ED0-092A-47C7-A2C1-F14B8947C76B}"
EndProject
Project("{FAE04EC0-301F-11D3-BF4B-00C04F79EFBC}") = "ClinicServiceV2.Models", "WorkingSOAP_REST_gRPC\ClinicServiceV2\ClinicServiceV2.Models\ClinicServiceV2.Models.csproj", "{CD4134B1-CE94-4E11-B3D7-E8F96A07F51D}"
EndProject
Project("{FAE04EC0-301F-11D3-BF4B-00C04F79EFBC}") = "ClinicClientTolerances", "WorkingSOAP_REST_gRPC\ClinicServiceV2\ClinicClientTolerances\ClinicClientTolerances.csproj", "{B3CC5920-CC2A-48A4-AB60-4793B93B2C2B}"
EndProject
Global
	GlobalSection(SolutionConfigurationPlatforms) = preSolution
		Debug|Any CPU = Debug|Any CPU
		Release|Any CPU = Release|Any CPU
	EndGlobalSection
	GlobalSection(ProjectConfigurationPlatforms) = postSolution
		{DCD64627-CDED-4A10-A081-A4D5AF3AD746}.Debug|Any CPU.ActiveCfg = Debug|Any CPU
		{DCD64627-CDED-4A10-A081-A4D5AF3AD746}.Debug|Any CPU.Build.0 = Debug|Any CPU
		{DCD64627-CDED-4A10-A081-A4D5AF3AD746}.Release|Any CPU.ActiveCfg = Release|Any CPU
		{DCD64627-CDED-4A10-A081-A4D5AF3AD746}.Release|Any CPU.Build.0 = Release|Any CPU
		{83DBF22C-8FDF-4BDB-A1F6-EFBC425BC6B5}.Debug|Any CPU.ActiveCfg = Debug|Any CPU
		{83DBF22C-8FDF-4BDB-A1F6-EFBC425BC6B5}.Debug|Any CPU.Build.0 = Debug|Any CPU
		{83DBF22C-8FDF-4BDB-A1F6-EFBC425BC6B5}.Release|Any CPU.ActiveCfg = Release|Any CPU
		{83DBF22C-8FDF-4BDB-A1F6-EFBC425BC6B5}.Release|Any CPU.Build.0 = Release|Any CPU
		{CA729FC7-AAF8-461C-B352-222FDB49ED4E}.Debug|Any CPU.ActiveCfg = Debug|Any CPU
		{CA729FC7-AAF8-461C-B352-222FDB49ED4E}.Debug|Any CPU.Build.0 = Debug|Any CPU
		{CA729FC7-AAF8-461C-B352-222FDB49ED4E}.Release|Any CPU.ActiveCfg = Release|Any CPU
		{CA729FC7-AAF8-461C-B352-222FDB49ED4E}.Release|Any CPU.Build.0 = Release|Any CPU
		{106C1F93-6718-4094-9995-D98EE6483DE6}.Debug|Any CPU.ActiveCfg = Debug|Any CPU
		{106C1F93-6718-4094-9995-D98EE6483DE6}.Debug|Any CPU.Build.0 = Debug|Any CPU
		{106C1F93-6718-4094-9995-D98EE6483DE6}.Release|Any CPU.ActiveCfg = Release|Any CPU
		{106C1F93-6718-4094-9995-D98EE6483DE6}.Release|Any CPU.Build.0 = Release|Any CPU
		{B2EB5D88-B266-4AE5-8C5C-55ECCB479C38}.Debug|Any CPU.ActiveCfg = Debug|Any CPU
		{B2EB5D88-B266-4AE5-8C5C-55ECCB479C38}.Debug|Any CPU.Build.0 = Debug|Any CPU
		{B2EB5D88-B266-4AE5-8C5C-55ECCB479C38}.Release|Any CPU.ActiveCfg = Release|Any CPU
		{B2EB5D88-B266-4AE5-8C5C-55ECCB479C38}.Release|Any CPU.Build.0 = Release|Any CPU
		{F6A886D9-085A-4350-A2B0-DCE92C53B2E0}.Debug|Any CPU.ActiveCfg = Debug|Any CPU
		{F6A886D9-085A-4350-A2B0-DCE92C53B2E0}.Debug|Any CPU.Build.0 = Debug|Any CPU
		{F6A886D9-085A-4350-A2B0-DCE92C53B2E0}.Release|Any CPU.ActiveCfg = Release|Any CPU
		{F6A886D9-085A-4350-A2B0-DCE92C53B2E0}.Release|Any CPU.Build.0 = Release|Any CPU
		{021B4134-2AB3-4143-B74C-FA65658D458C}.Debug|Any CPU.ActiveCfg = Debug|Any CPU
		{021B4134-2AB3-4143-B74C-FA65658D458C}.Debug|Any CPU.Build.0 = Debug|Any CPU
		{021B4134-2AB3-4143-B74C-FA65658D458C}.Release|Any CPU.ActiveCfg = Release|Any CPU
		{021B4134-2AB3-4143-B74C-FA65658D458C}.Release|Any CPU.Build.0 = Release|Any CPU
		{207261B0-13C9-48AC-AC23-CFEAF0AF544C}.Debug|Any CPU.ActiveCfg = Debug|Any CPU
		{207261B0-13C9-48AC-AC23-CFEAF0AF544C}.Debug|Any CPU.Build.0 = Debug|Any CPU
		{207261B0-13C9-48AC-AC23-CFEAF0AF544C}.Release|Any CPU.ActiveCfg = Release|Any CPU
		{207261B0-13C9-48AC-AC23-CFEAF0AF544C}.Release|Any CPU.Build.0 = Release|Any CPU
		{00848EF3-915B-4589-A01E-AF6AB063BA72}.Debug|Any CPU.ActiveCfg = Debug|Any CPU
		{00848EF3-915B-4589-A01E-AF6AB063BA72}.Debug|Any CPU.Build.0 = Debug|Any CPU
		{00848EF3-915B-4589-A01E-AF6AB063BA72}.Release|Any CPU.ActiveCfg = Release|Any CPU
		{00848EF3-915B-4589-A01E-AF6AB063BA72}.Release|Any CPU.Build.0 = Release|Any CPU
		{E7FCDBC8-4B75-49F1-B6C3-476097DB9922}.Debug|Any CPU.ActiveCfg = Debug|Any CPU
		{E7FCDBC8-4B75-49F1-B6C3-476097DB9922}.Debug|Any CPU.Build.0 = Debug|Any CPU
		{E7FCDBC8-4B75-49F1-B6C3-476097DB9922}.Release|Any CPU.ActiveCfg = Release|Any CPU
		{E7FCDBC8-4B75-49F1-B6C3-476097DB9922}.Release|Any CPU.Build.0 = Release|Any CPU
		{F5E804AE-68DF-45D3-8725-BC9A5949D6BD}.Debug|Any CPU.ActiveCfg = Debug|Any CPU
		{F5E804AE-68DF-45D3-8725-BC9A5949D6BD}.Debug|Any CPU.Build.0 = Debug|Any CPU
		{F5E804AE-68DF-45D3-8725-BC9A5949D6BD}.Release|Any CPU.ActiveCfg = Release|Any CPU
		{F5E804AE-68DF-45D3-8725-BC9A5949D6BD}.Release|Any CPU.Build.0 = Release|Any CPU
		{D92C585F-4731-4016-9A2C-B344E11939AF}.Debug|Any CPU.ActiveCfg = Debug|Any CPU
		{D92C585F-4731-4016-9A2C-B344E11939AF}.Debug|Any CPU.Build.0 = Debug|Any CPU
		{D92C585F-4731-4016-9A2C-B344E11939AF}.Release|Any CPU.ActiveCfg = Release|Any CPU
		{D92C585F-4731-4016-9A2C-B344E11939AF}.Release|Any CPU.Build.0 = Release|Any CPU
		{B2F66ED0-092A-47C7-A2C1-F14B8947C76B}.Debug|Any CPU.ActiveCfg = Debug|Any CPU
		{B2F66ED0-092A-47C7-A2C1-F14B8947C76B}.Debug|Any CPU.Build.0 = Debug|Any CPU
		{B2F66ED0-092A-47C7-A2C1-F14B8947C76B}.Release|Any CPU.ActiveCfg = Release|Any CPU
		{B2F66ED0-092A-47C7-A2C1-F14B8947C76B}.Release|Any CPU.Build.0 = Release|Any CPU
		{CD4134B1-CE94-4E11-B3D7-E8F96A07F51D}.Debug|Any CPU.ActiveCfg = Debug|Any CPU
		{CD4134B1-CE94-4E11-B3D7-E8F96A07F51D}.Debug|Any CPU.Build.0 = Debug|Any CPU
		{CD4134B1-CE94-4E11-B3D7-E8F96A07F51D}.Release|Any CPU.ActiveCfg = Release|Any CPU
		{CD4134B1-CE94-4E11-B3D7-E8F96A07F51D}.Release|Any CPU.Build.0 = Release|Any CPU
		{B3CC5920-CC2A-48A4-AB60-4793B93B2C2B}.Debug|Any CPU.ActiveCfg = Debug|Any CPU
		{B3CC5920-CC2A-48A4-AB60-4793B93B2C2B}.Debug|Any CPU.Build.0 = Debug|Any CPU
		{B3CC5920-CC2A-48A4-AB60-4793B93B2C2B}.Release|Any CPU.ActiveCfg = Release|Any CPU
		{B3CC5920-CC2A-48A4-AB60-4793B93B2C2B}.Release|Any CPU.Build.0 = Release|Any CPU
	EndGlobalSection
	GlobalSection(SolutionProperties) = preSolution
		HideSolutionNode = FALSE
	EndGlobalSection
	GlobalSection(NestedProjects) = preSolution
		{DCD64627-CDED-4A10-A081-A4D5AF3AD746} = {FF5F6189-4955-424B-8A8B-D3BC208EE1E5}
		{83DBF22C-8FDF-4BDB-A1F6-EFBC425BC6B5} = {FF5F6189-4955-424B-8A8B-D3BC208EE1E5}
		{CA729FC7-AAF8-461C-B352-222FDB49ED4E} = {E77D0EE6-D8D0-46F2-9E84-61A110ECD472}
		{106C1F93-6718-4094-9995-D98EE6483DE6} = {E77D0EE6-D8D0-46F2-9E84-61A110ECD472}
		{DD3843F9-E843-406C-85E1-8C731B0B0316} = {4DBD7F72-5A6C-486F-A415-35FA5AA0CF27}
		{B2EB5D88-B266-4AE5-8C5C-55ECCB479C38} = {DD3843F9-E843-406C-85E1-8C731B0B0316}
		{F6A886D9-085A-4350-A2B0-DCE92C53B2E0} = {DD3843F9-E843-406C-85E1-8C731B0B0316}
		{021B4134-2AB3-4143-B74C-FA65658D458C} = {DD3843F9-E843-406C-85E1-8C731B0B0316}
		{207261B0-13C9-48AC-AC23-CFEAF0AF544C} = {DD3843F9-E843-406C-85E1-8C731B0B0316}
		{00848EF3-915B-4589-A01E-AF6AB063BA72} = {DD3843F9-E843-406C-85E1-8C731B0B0316}
		{E7FCDBC8-4B75-49F1-B6C3-476097DB9922} = {DD3843F9-E843-406C-85E1-8C731B0B0316}
		{F5E804AE-68DF-45D3-8725-BC9A5949D6BD} = {DD3843F9-E843-406C-85E1-8C731B0B0316}
		{D92C585F-4731-4016-9A2C-B344E11939AF} = {DD3843F9-E843-406C-85E1-8C731B0B0316}
		{B2F66ED0-092A-47C7-A2C1-F14B8947C76B} = {DD3843F9-E843-406C-85E1-8C731B0B0316}
		{CD4134B1-CE94-4E11-B3D7-E8F96A07F51D} = {DD3843F9-E843-406C-85E1-8C731B0B0316}
		{B3CC5920-CC2A-48A4-AB60-4793B93B2C2B} = {DD3843F9-E843-406C-85E1-8C731B0B0316}
	EndGlobalSection
	GlobalSection(ExtensibilityGlobals) = postSolution
		SolutionGuid = {BA1A7146-0C5E-4443-8CD3-F63EE91DED27}
	EndGlobalSection
EndGlobal
